
Microsoft Visual Studio Solution File, Format Version 12.00
# Visual Studio Version 16
VisualStudioVersion = 16.0.28803.156
MinimumVisualStudioVersion = 10.0.40219.1
Project("{9A19103F-16F7-4668-BE54-9A1E7A4F7556}") = "BMICalculator", "BMICalculator\BMICalculator.csproj", "{C04A77F9-9A19-4E1B-B7CC-734FCE94AA86}"
EndProject
Project("{9A19103F-16F7-4668-BE54-9A1E7A4F7556}") = "BMIUnitTests", "BMIUnitTests\BMIUnitTests.csproj", "{2A5090A9-DC01-42DA-81B9-71BF9689FF09}"
EndProject
Project("{9A19103F-16F7-4668-BE54-9A1E7A4F7556}") = "BMICalculatorSeleniumTests", "BMICalculatorSeleniumTests\BMICalculatorSeleniumTests.csproj", "{F619624F-63A3-4137-AD2D-3DADDD9E9877}"
EndProject
Global
	GlobalSection(SolutionConfigurationPlatforms) = preSolution
		Debug|Any CPU = Debug|Any CPU
		Release|Any CPU = Release|Any CPU
	EndGlobalSection
	GlobalSection(ProjectConfigurationPlatforms) = postSolution
		{C04A77F9-9A19-4E1B-B7CC-734FCE94AA86}.Debug|Any CPU.ActiveCfg = Debug|Any CPU
		{C04A77F9-9A19-4E1B-B7CC-734FCE94AA86}.Debug|Any CPU.Build.0 = Debug|Any CPU
		{C04A77F9-9A19-4E1B-B7CC-734FCE94AA86}.Release|Any CPU.ActiveCfg = Release|Any CPU
		{C04A77F9-9A19-4E1B-B7CC-734FCE94AA86}.Release|Any CPU.Build.0 = Release|Any CPU
		{2A5090A9-DC01-42DA-81B9-71BF9689FF09}.Debug|Any CPU.ActiveCfg = Debug|Any CPU
		{2A5090A9-DC01-42DA-81B9-71BF9689FF09}.Debug|Any CPU.Build.0 = Debug|Any CPU
		{2A5090A9-DC01-42DA-81B9-71BF9689FF09}.Release|Any CPU.ActiveCfg = Release|Any CPU
		{2A5090A9-DC01-42DA-81B9-71BF9689FF09}.Release|Any CPU.Build.0 = Release|Any CPU
		{F619624F-63A3-4137-AD2D-3DADDD9E9877}.Debug|Any CPU.ActiveCfg = Debug|Any CPU
		{F619624F-63A3-4137-AD2D-3DADDD9E9877}.Debug|Any CPU.Build.0 = Debug|Any CPU
		{F619624F-63A3-4137-AD2D-3DADDD9E9877}.Release|Any CPU.ActiveCfg = Release|Any CPU
		{F619624F-63A3-4137-AD2D-3DADDD9E9877}.Release|Any CPU.Build.0 = Release|Any CPU
	EndGlobalSection
	GlobalSection(SolutionProperties) = preSolution
		HideSolutionNode = FALSE
	EndGlobalSection
	GlobalSection(ExtensibilityGlobals) = postSolution
		SolutionGuid = {11A23A0A-206A-4827-BBE8-CE44979FDDCE}
	EndGlobalSection
EndGlobal
